version = 1
requires-python = ">=3.11"
resolution-markers = [
    "python_full_version < '3.12'",
    "python_full_version == '3.12.*'",
    "python_full_version >= '3.13'",
]

[[package]]
name = "jax"
version = "0.4.38"
source = { registry = "https://pypi.org/simple" }
dependencies = [
    { name = "jaxlib" },
    { name = "ml-dtypes" },
    { name = "numpy" },
    { name = "opt-einsum" },
    { name = "scipy" },
]
sdist = { url = "https://files.pythonhosted.org/packages/fb/e5/c4aa9644bb96b7f6747bd7c9f8cda7665ca5e194fa2542b2dea3ff730701/jax-0.4.38.tar.gz", hash = "sha256:43bae65881628319e0a2148e8f81a202fbc2b8d048e35c7cb1df2416672fa4a8", size = 1930034 }
wheels = [
    { url = "https://files.pythonhosted.org/packages/22/49/b4418a7a892c0dd64442bbbeef54e1cdfe722dfc5a7bf0d611d3f5f90e99/jax-0.4.38-py3-none-any.whl", hash = "sha256:78987306f7041ea8500d99df1a17c33ed92620c2268c4c3677fb24e06712be64", size = 2236864 },
]

[package.optional-dependencies]
cuda12 = [
    { name = "jax-cuda12-plugin", extra = ["with-cuda"] },
    { name = "jaxlib" },
]

[[package]]
name = "jax-cuda12-pjrt"
version = "0.4.38"
source = { registry = "https://pypi.org/simple" }
wheels = [
    { url = "https://files.pythonhosted.org/packages/90/43/ac2c369e202e3e3e7e5aa7929b197801ba02eaf11868437adaa5341704e4/jax_cuda12_pjrt-0.4.38-py3-none-manylinux2014_x86_64.whl", hash = "sha256:83be4c59fbcf30077a60085d98e7d59dc738b1c91e0d628e4ac1779fde15ac2b", size = 102694375 },
]

[[package]]
name = "jax-cuda12-plugin"
version = "0.4.38"
source = { registry = "https://pypi.org/simple" }
dependencies = [
    { name = "jax-cuda12-pjrt" },
]
wheels = [
    { url = "https://files.pythonhosted.org/packages/52/26/d2e3b4779ae03969415c6779b0b46473174e301ff575fd3049fd039e51cb/jax_cuda12_plugin-0.4.38-cp311-cp311-manylinux2014_x86_64.whl", hash = "sha256:704654386f0e600a0281daaea95882aa67a47edb68393b61b1b173c7e8ca74a8", size = 16193253 },
    { url = "https://files.pythonhosted.org/packages/06/85/7ee0f28d06c527b29f872af0431bd8c3fc803e02c24540cb966478c25d8b/jax_cuda12_plugin-0.4.38-cp312-cp312-manylinux2014_x86_64.whl", hash = "sha256:51f6acff7130eb72ebb02534dfd3581a0f5ea06971de52d7ebc21ad4d87fe71e", size = 16190637 },
    { url = "https://files.pythonhosted.org/packages/36/3c/f377dda64f4899765de20e6172f99ea5fa1b38e5c044de310f2128985534/jax_cuda12_plugin-0.4.38-cp313-cp313-manylinux2014_x86_64.whl", hash = "sha256:09228a4c2b443b76a8cd9a8ec229060089c4cc836e062496875a6d6fdc66d31f", size = 16190799 },
]

[package.optional-dependencies]
with-cuda = [
    { name = "nvidia-cublas-cu12" },
    { name = "nvidia-cuda-cupti-cu12" },
    { name = "nvidia-cuda-nvcc-cu12" },
    { name = "nvidia-cuda-runtime-cu12" },
    { name = "nvidia-cudnn-cu12" },
    { name = "nvidia-cufft-cu12" },
    { name = "nvidia-cusolver-cu12" },
    { name = "nvidia-cusparse-cu12" },
    { name = "nvidia-nccl-cu12" },
    { name = "nvidia-nvjitlink-cu12" },
]

[[package]]
name = "jaxlib"
version = "0.4.38"
source = { registry = "https://pypi.org/simple" }
dependencies = [
    { name = "ml-dtypes" },
    { name = "numpy" },
    { name = "scipy" },
]
wheels = [
    { url = "https://files.pythonhosted.org/packages/b0/6a/b9fba73eb5e758e40a514919e096a039d27dc0ab4776a6cc977f5153a55f/jaxlib-0.4.38-cp311-cp311-macosx_10_14_x86_64.whl", hash = "sha256:b67fdeabd6dfed08b7768f3bdffb521160085f8305669bd197beef61d08de08b", size = 99679916 },
    { url = "https://files.pythonhosted.org/packages/44/2a/3458130d44d44038fd6974e7c43948f68408f685063203b82229b9b72c1a/jaxlib-0.4.38-cp311-cp311-macosx_11_0_arm64.whl", hash = "sha256:3fb0eaae7369157afecbead50aaf29e73ffddfa77a2335d721bd9794f3c510e4", size = 79488377 },
    { url = "https://files.pythonhosted.org/packages/94/96/7d9a0b9f35af4727df44b68ade4c6f15163840727d1cb47251b1ea515e30/jaxlib-0.4.38-cp311-cp311-manylinux2014_aarch64.whl", hash = "sha256:43db58c4c427627296366a56c10318e1f00f503690e17f94bb4344293e1995e0", size = 93241543 },
    { url = "https://files.pythonhosted.org/packages/a3/2d/68f85037e60c981b37b18b23ace458c677199dea4722ddce541b48ddfc63/jaxlib-0.4.38-cp311-cp311-manylinux2014_x86_64.whl", hash = "sha256:2751ff7037d6a997d0be0e77cc4be381c5a9f9bb8b314edb755c13a6fd969f45", size = 101751923 },
    { url = "https://files.pythonhosted.org/packages/cc/24/a9c571c8a189f58e0b54b14d53fc7f5a0a06e4f1d7ab9edcf8d1d91d07e7/jaxlib-0.4.38-cp311-cp311-win_amd64.whl", hash = "sha256:35226968fc9de6873d1571670eac4117f5ed80e955f7a1775204d1044abe16c6", size = 64255189 },
    { url = "https://files.pythonhosted.org/packages/49/df/08b94c593c0867c7eaa334592807ba74495de4be90580f360db8b96221dc/jaxlib-0.4.38-cp312-cp312-macosx_10_14_x86_64.whl", hash = "sha256:3fefea985f0415816f3bbafd3f03a437050275ef9bac9a72c1314e1644ac57c1", size = 99737849 },
    { url = "https://files.pythonhosted.org/packages/ab/b1/c9d2a7ba9ebeabb7ac37082f4c466364f475dc7550a79358c0f0aa89fdf2/jaxlib-0.4.38-cp312-cp312-macosx_11_0_arm64.whl", hash = "sha256:f33bcafe32c97a562ecf6894d7c41674c80c0acdedfa5423d49af51147149874", size = 79509242 },
    { url = "https://files.pythonhosted.org/packages/53/25/dd670d8bdf3799ece76d12cfe6a6a250ea256057aa4b0fcace4753a99d2d/jaxlib-0.4.38-cp312-cp312-manylinux2014_aarch64.whl", hash = "sha256:496f45b0e001a2341309cd0c74af0b670537dced79c168cb230cfcc773f0aa86", size = 93251503 },
    { url = "https://files.pythonhosted.org/packages/f9/cc/37fce5162f6b9070203fd76cc0f298d9b3bfdf01939a78935a6078d63621/jaxlib-0.4.38-cp312-cp312-manylinux2014_x86_64.whl", hash = "sha256:dad6c0a96567c06d083c0469fec40f201210b099365bd698be31a6d2ec88fd59", size = 101792792 },
    { url = "https://files.pythonhosted.org/packages/6f/7a/8515950a60a4ea5b13cc98fc0a42e36553b2db5a6eedc00d3bd7836f77b5/jaxlib-0.4.38-cp312-cp312-win_amd64.whl", hash = "sha256:966cdec36cfa978f5b4582bcb4147fe511725b94c1a752dac3a5f52ce46b6fa3", size = 64288223 },
    { url = "https://files.pythonhosted.org/packages/91/03/aee503c7077c6dbbd568842303426c6ec1cef9bff330c418c9e71906cccd/jaxlib-0.4.38-cp313-cp313-macosx_10_14_x86_64.whl", hash = "sha256:41e55ae5818a882e5789e848f6f16687ac132bcfbb5a5fa114a5d18b78d05f2d", size = 99739026 },
    { url = "https://files.pythonhosted.org/packages/cb/bf/fbbf61da319611d88e11c691d5a2077039208ded05e1731dea940f824a59/jaxlib-0.4.38-cp313-cp313-macosx_11_0_arm64.whl", hash = "sha256:6fe326b8af366387dd47ccf312583b2b17fed12712c9b74a648b18a13cbdbabf", size = 79508735 },
    { url = "https://files.pythonhosted.org/packages/e4/0b/8cbff0b6d62a4694351c49baf53b7ed8deb8a6854d129408c38158e11676/jaxlib-0.4.38-cp313-cp313-manylinux2014_aarch64.whl", hash = "sha256:248cca3771ebf24b070f49701364ceada33e6139445b06c782cca5ac5ad92bf4", size = 93251882 },
    { url = "https://files.pythonhosted.org/packages/15/57/7f0283273b69c417071bcd2f4c2ed076479ec5ffc22a647f13c21da8d071/jaxlib-0.4.38-cp313-cp313-manylinux2014_x86_64.whl", hash = "sha256:2ce77ba8cda9259a4bca97afc1c722e4291a6c463a63f8d372c6edc85117d625", size = 101791137 },
    { url = "https://files.pythonhosted.org/packages/de/de/d6c4d234cd426b97459cb070af90792b48643967a0d28641379ee9e10fc9/jaxlib-0.4.38-cp313-cp313-win_amd64.whl", hash = "sha256:4103db0b3a38a5dc132741237453c24d8547290a22079ba1b577d6c88c95300a", size = 64288459 },
]

[[package]]
name = "ml-dtypes"
version = "0.5.1"
source = { registry = "https://pypi.org/simple" }
dependencies = [
    { name = "numpy" },
]
sdist = { url = "https://files.pythonhosted.org/packages/32/49/6e67c334872d2c114df3020e579f3718c333198f8312290e09ec0216703a/ml_dtypes-0.5.1.tar.gz", hash = "sha256:ac5b58559bb84a95848ed6984eb8013249f90b6bab62aa5acbad876e256002c9", size = 698772 }
wheels = [
    { url = "https://files.pythonhosted.org/packages/c9/fd/691335926126bb9beeb030b61a28f462773dcf16b8e8a2253b599013a303/ml_dtypes-0.5.1-cp311-cp311-macosx_10_9_universal2.whl", hash = "sha256:023ce2f502efd4d6c1e0472cc58ce3640d051d40e71e27386bed33901e201327", size = 671448 },
    { url = "https://files.pythonhosted.org/packages/ff/a6/63832d91f2feb250d865d069ba1a5d0c686b1f308d1c74ce9764472c5e22/ml_dtypes-0.5.1-cp311-cp311-manylinux_2_17_aarch64.manylinux2014_aarch64.whl", hash = "sha256:7000b6e4d8ef07542c05044ec5d8bbae1df083b3f56822c3da63993a113e716f", size = 4625792 },
    { url = "https://files.pythonhosted.org/packages/cc/2a/5421fd3dbe6eef9b844cc9d05f568b9fb568503a2e51cb1eb4443d9fc56b/ml_dtypes-0.5.1-cp311-cp311-manylinux_2_17_x86_64.manylinux2014_x86_64.whl", hash = "sha256:c09526488c3a9e8b7a23a388d4974b670a9a3dd40c5c8a61db5593ce9b725bab", size = 4743893 },
    { url = "https://files.pythonhosted.org/packages/60/30/d3f0fc9499a22801219679a7f3f8d59f1429943c6261f445fb4bfce20718/ml_dtypes-0.5.1-cp311-cp311-win_amd64.whl", hash = "sha256:15ad0f3b0323ce96c24637a88a6f44f6713c64032f27277b069f285c3cf66478", size = 209712 },
    { url = "https://files.pythonhosted.org/packages/47/56/1bb21218e1e692506c220ffabd456af9733fba7aa1b14f73899979f4cc20/ml_dtypes-0.5.1-cp312-cp312-macosx_10_9_universal2.whl", hash = "sha256:6f462f5eca22fb66d7ff9c4744a3db4463af06c49816c4b6ac89b16bfcdc592e", size = 670372 },
    { url = "https://files.pythonhosted.org/packages/20/95/d8bd96a3b60e00bf31bd78ca4bdd2d6bbaf5acb09b42844432d719d34061/ml_dtypes-0.5.1-cp312-cp312-manylinux_2_17_aarch64.manylinux2014_aarch64.whl", hash = "sha256:6f76232163b5b9c34291b54621ee60417601e2e4802a188a0ea7157cd9b323f4", size = 4635946 },
    { url = "https://files.pythonhosted.org/packages/08/57/5d58fad4124192b1be42f68bd0c0ddaa26e44a730ff8c9337adade2f5632/ml_dtypes-0.5.1-cp312-cp312-manylinux_2_17_x86_64.manylinux2014_x86_64.whl", hash = "sha256:ad4953c5eb9c25a56d11a913c2011d7e580a435ef5145f804d98efa14477d390", size = 4694804 },
    { url = "https://files.pythonhosted.org/packages/38/bc/c4260e4a6c6bf684d0313308de1c860467275221d5e7daf69b3fcddfdd0b/ml_dtypes-0.5.1-cp312-cp312-win_amd64.whl", hash = "sha256:9626d0bca1fb387d5791ca36bacbba298c5ef554747b7ebeafefb4564fc83566", size = 210853 },
    { url = "https://files.pythonhosted.org/packages/0f/92/bb6a3d18e16fddd18ce6d5f480e1919b33338c70e18cba831c6ae59812ee/ml_dtypes-0.5.1-cp313-cp313-macosx_10_13_universal2.whl", hash = "sha256:12651420130ee7cc13059fc56dac6ad300c3af3848b802d475148c9defd27c23", size = 667696 },
    { url = "https://files.pythonhosted.org/packages/6d/29/cfc89d842767e9a51146043b0fa18332c2b38f8831447e6cb1160e3c6102/ml_dtypes-0.5.1-cp313-cp313-manylinux_2_17_aarch64.manylinux2014_aarch64.whl", hash = "sha256:c9945669d3dadf8acb40ec2e57d38c985d8c285ea73af57fc5b09872c516106d", size = 4638365 },
    { url = "https://files.pythonhosted.org/packages/be/26/adc36e3ea09603d9f6d114894e1c1b7b8e8a9ef6d0b031cc270c6624a37c/ml_dtypes-0.5.1-cp313-cp313-manylinux_2_17_x86_64.manylinux2014_x86_64.whl", hash = "sha256:bf9975bda82a99dc935f2ae4c83846d86df8fd6ba179614acac8e686910851da", size = 4702722 },
    { url = "https://files.pythonhosted.org/packages/da/8a/a2b9375c94077e5a488a624a195621407846f504068ce22ccf805c674156/ml_dtypes-0.5.1-cp313-cp313-win_amd64.whl", hash = "sha256:fd918d4e6a4e0c110e2e05be7a7814d10dc1b95872accbf6512b80a109b71ae1", size = 210850 },
    { url = "https://files.pythonhosted.org/packages/52/38/703169100fdde27957f061d4d0ea3e00525775a09acaccf7e655d9609d55/ml_dtypes-0.5.1-cp313-cp313t-macosx_10_13_universal2.whl", hash = "sha256:05f23447a1c20ddf4dc7c2c661aa9ed93fcb2658f1017c204d1e758714dc28a8", size = 693043 },
    { url = "https://files.pythonhosted.org/packages/28/ff/4e234c9c23e0d456f5da5a326c103bf890c746d93351524d987e41f438b3/ml_dtypes-0.5.1-cp313-cp313t-manylinux_2_17_aarch64.manylinux2014_aarch64.whl", hash = "sha256:1b7fbe5571fdf28fd3aaab3ef4aafc847de9ebf263be959958c1ca58ec8eadf5", size = 4903946 },
    { url = "https://files.pythonhosted.org/packages/b7/45/c1a1ccfdd02bc4173ca0f4a2d327683a27df85797b885eb1da1ca325b85c/ml_dtypes-0.5.1-cp313-cp313t-manylinux_2_17_x86_64.manylinux2014_x86_64.whl", hash = "sha256:d13755f8e8445b3870114e5b6240facaa7cb0c3361e54beba3e07fa912a6e12b", size = 5052731 },
]

[[package]]
name = "nixpython"
version = "0.1.0"
source = { editable = "." }
dependencies = [
    { name = "jax", extra = ["cuda12"] },
    { name = "numpy" },
]

[package.metadata]
requires-dist = [
    { name = "jax", extras = ["cuda12"], specifier = "==0.4.38" },
    { name = "numpy", specifier = "==2.1.2" },
]

[[package]]
name = "numpy"
version = "2.1.2"
source = { registry = "https://pypi.org/simple" }
sdist = { url = "https://files.pythonhosted.org/packages/4b/d1/8a730ea07f4a37d94f9172f4ce1d81064b7a64766b460378be278952de75/numpy-2.1.2.tar.gz", hash = "sha256:13532a088217fa624c99b843eeb54640de23b3414b14aa66d023805eb731066c", size = 18878063 }
wheels = [
    { url = "https://files.pythonhosted.org/packages/aa/9c/9a6ec3ae89cd0648d419781284308f2956d2a61d932b5ac9682c956a171b/numpy-2.1.2-cp311-cp311-macosx_10_9_x86_64.whl", hash = "sha256:b42a1a511c81cc78cbc4539675713bbcf9d9c3913386243ceff0e9429ca892fe", size = 21154845 },
    { url = "https://files.pythonhosted.org/packages/02/69/9f05c4ecc75fabf297b17743996371b4c3dfc4d92e15c5c38d8bb3db8d74/numpy-2.1.2-cp311-cp311-macosx_11_0_arm64.whl", hash = "sha256:faa88bc527d0f097abdc2c663cddf37c05a1c2f113716601555249805cf573f1", size = 13789409 },
    { url = "https://files.pythonhosted.org/packages/34/4e/f95c99217bf77bbfaaf660d693c10bd0dc03b6032d19316d316088c9e479/numpy-2.1.2-cp311-cp311-macosx_14_0_arm64.whl", hash = "sha256:c82af4b2ddd2ee72d1fc0c6695048d457e00b3582ccde72d8a1c991b808bb20f", size = 5352097 },
    { url = "https://files.pythonhosted.org/packages/06/13/f5d87a497c16658e9af8920449b0b5692b469586b8231340c672962071c5/numpy-2.1.2-cp311-cp311-macosx_14_0_x86_64.whl", hash = "sha256:13602b3174432a35b16c4cfb5de9a12d229727c3dd47a6ce35111f2ebdf66ff4", size = 6891195 },
    { url = "https://files.pythonhosted.org/packages/6c/89/691ac07429ac061b344d5e37fa8e94be51a6017734aea15f2d9d7c6d119a/numpy-2.1.2-cp311-cp311-manylinux_2_17_aarch64.manylinux2014_aarch64.whl", hash = "sha256:1ebec5fd716c5a5b3d8dfcc439be82a8407b7b24b230d0ad28a81b61c2f4659a", size = 13895153 },
    { url = "https://files.pythonhosted.org/packages/23/69/538317f0d925095537745f12aced33be1570bbdc4acde49b33748669af96/numpy-2.1.2-cp311-cp311-manylinux_2_17_x86_64.manylinux2014_x86_64.whl", hash = "sha256:e2b49c3c0804e8ecb05d59af8386ec2f74877f7ca8fd9c1e00be2672e4d399b1", size = 16338306 },
    { url = "https://files.pythonhosted.org/packages/af/03/863fe7062c2106d3c151f7df9353f2ae2237c1dd6900f127a3eb1f24cb1b/numpy-2.1.2-cp311-cp311-musllinux_1_1_x86_64.whl", hash = "sha256:2cbba4b30bf31ddbe97f1c7205ef976909a93a66bb1583e983adbd155ba72ac2", size = 16710893 },
    { url = "https://files.pythonhosted.org/packages/70/77/0ad9efe25482009873f9660d29a40a8c41a6f0e8b541195e3c95c70684c5/numpy-2.1.2-cp311-cp311-musllinux_1_2_aarch64.whl", hash = "sha256:8e00ea6fc82e8a804433d3e9cedaa1051a1422cb6e443011590c14d2dea59146", size = 14398048 },
    { url = "https://files.pythonhosted.org/packages/3e/0f/e785fe75544db9f2b0bb1c181e13ceff349ce49753d807fd9672916aa06d/numpy-2.1.2-cp311-cp311-win32.whl", hash = "sha256:5006b13a06e0b38d561fab5ccc37581f23c9511879be7693bd33c7cd15ca227c", size = 6533458 },
    { url = "https://files.pythonhosted.org/packages/d4/96/450054662295125af861d48d2c4bc081dadcf1974a879b2104613157aa62/numpy-2.1.2-cp311-cp311-win_amd64.whl", hash = "sha256:f1eb068ead09f4994dec71c24b2844f1e4e4e013b9629f812f292f04bd1510d9", size = 12870896 },
    { url = "https://files.pythonhosted.org/packages/a0/7d/554a6838f37f3ada5a55f25173c619d556ae98092a6e01afb6e710501d70/numpy-2.1.2-cp312-cp312-macosx_10_13_x86_64.whl", hash = "sha256:d7bf0a4f9f15b32b5ba53147369e94296f5fffb783db5aacc1be15b4bf72f43b", size = 20848077 },
    { url = "https://files.pythonhosted.org/packages/b0/29/cb48a402ea879e645b16218718f3f7d9588a77d674a9dcf22e4c43487636/numpy-2.1.2-cp312-cp312-macosx_11_0_arm64.whl", hash = "sha256:b1d0fcae4f0949f215d4632be684a539859b295e2d0cb14f78ec231915d644db", size = 13493242 },
    { url = "https://files.pythonhosted.org/packages/56/44/f899b0581766c230da42f751b7b8896d096640b19b312164c267e48d36cb/numpy-2.1.2-cp312-cp312-macosx_14_0_arm64.whl", hash = "sha256:f751ed0a2f250541e19dfca9f1eafa31a392c71c832b6bb9e113b10d050cb0f1", size = 5089219 },
    { url = "https://files.pythonhosted.org/packages/79/8f/b987070d45161a7a4504afc67ed38544ed2c0ed5576263599a0402204a9c/numpy-2.1.2-cp312-cp312-macosx_14_0_x86_64.whl", hash = "sha256:bd33f82e95ba7ad632bc57837ee99dba3d7e006536200c4e9124089e1bf42426", size = 6620167 },
    { url = "https://files.pythonhosted.org/packages/c4/a7/af3329fda3c3ec31d9b650e42bbcd3422fc62a765cbb1405fde4177a0996/numpy-2.1.2-cp312-cp312-manylinux_2_17_aarch64.manylinux2014_aarch64.whl", hash = "sha256:1b8cde4f11f0a975d1fd59373b32e2f5a562ade7cde4f85b7137f3de8fbb29a0", size = 13604905 },
    { url = "https://files.pythonhosted.org/packages/9b/b4/e3c7e6fab0f77fff6194afa173d1f2342073d91b1d3b4b30b17c3fb4407a/numpy-2.1.2-cp312-cp312-manylinux_2_17_x86_64.manylinux2014_x86_64.whl", hash = "sha256:6d95f286b8244b3649b477ac066c6906fbb2905f8ac19b170e2175d3d799f4df", size = 16041825 },
    { url = "https://files.pythonhosted.org/packages/e9/50/6828e66a78aa03147c111f84d55f33ce2dde547cb578d6744a3b06a0124b/numpy-2.1.2-cp312-cp312-musllinux_1_1_x86_64.whl", hash = "sha256:ab4754d432e3ac42d33a269c8567413bdb541689b02d93788af4131018cbf366", size = 16409541 },
    { url = "https://files.pythonhosted.org/packages/bf/72/66af7916d9c3c6dbfbc8acdd4930c65461e1953374a2bc43d00f948f004a/numpy-2.1.2-cp312-cp312-musllinux_1_2_aarch64.whl", hash = "sha256:e585c8ae871fd38ac50598f4763d73ec5497b0de9a0ab4ef5b69f01c6a046142", size = 14081134 },
    { url = "https://files.pythonhosted.org/packages/dc/5a/59a67d84f33fe00ae74f0b5b69dd4f93a586a4aba7f7e19b54b2133db038/numpy-2.1.2-cp312-cp312-win32.whl", hash = "sha256:9c6c754df29ce6a89ed23afb25550d1c2d5fdb9901d9c67a16e0b16eaf7e2550", size = 6237784 },
    { url = "https://files.pythonhosted.org/packages/4c/79/73735a6a5dad6059c085f240a4e74c9270feccd2bc66e4d31b5ca01d329c/numpy-2.1.2-cp312-cp312-win_amd64.whl", hash = "sha256:456e3b11cb79ac9946c822a56346ec80275eaf2950314b249b512896c0d2505e", size = 12568254 },
    { url = "https://files.pythonhosted.org/packages/16/72/716fa1dbe92395a9a623d5049203ff8ddb0cfce65b9df9117c3696ccc011/numpy-2.1.2-cp313-cp313-macosx_10_13_x86_64.whl", hash = "sha256:a84498e0d0a1174f2b3ed769b67b656aa5460c92c9554039e11f20a05650f00d", size = 20834690 },
    { url = "https://files.pythonhosted.org/packages/1e/fb/3e85a39511586053b5c6a59a643879e376fae22230ebfef9cfabb0e032e2/numpy-2.1.2-cp313-cp313-macosx_11_0_arm64.whl", hash = "sha256:4d6ec0d4222e8ffdab1744da2560f07856421b367928026fb540e1945f2eeeaf", size = 13507474 },
    { url = "https://files.pythonhosted.org/packages/35/eb/5677556d9ba13436dab51e129f98d4829d95cd1b6bd0e199c14485a4bdb9/numpy-2.1.2-cp313-cp313-macosx_14_0_arm64.whl", hash = "sha256:259ec80d54999cc34cd1eb8ded513cb053c3bf4829152a2e00de2371bd406f5e", size = 5074742 },
    { url = "https://files.pythonhosted.org/packages/3e/c5/6c5ef5ba41b65a7e51bed50dbf3e1483eb578055633dd013e811a28e96a1/numpy-2.1.2-cp313-cp313-macosx_14_0_x86_64.whl", hash = "sha256:675c741d4739af2dc20cd6c6a5c4b7355c728167845e3c6b0e824e4e5d36a6c3", size = 6606787 },
    { url = "https://files.pythonhosted.org/packages/08/ac/f2f29dd4fd325b379c7dc932a0ebab22f0e031dbe80b2f6019b291a3a544/numpy-2.1.2-cp313-cp313-manylinux_2_17_aarch64.manylinux2014_aarch64.whl", hash = "sha256:05b2d4e667895cc55e3ff2b56077e4c8a5604361fc21a042845ea3ad67465aa8", size = 13601333 },
    { url = "https://files.pythonhosted.org/packages/44/26/63f5f4e5089654dfb858f4892215ed968cd1a68e6f4a83f9961f84f855cb/numpy-2.1.2-cp313-cp313-manylinux_2_17_x86_64.manylinux2014_x86_64.whl", hash = "sha256:43cca367bf94a14aca50b89e9bc2061683116cfe864e56740e083392f533ce7a", size = 16038090 },
    { url = "https://files.pythonhosted.org/packages/1d/21/015e0594de9c3a8d5edd24943d2bd23f102ec71aec026083f822f86497e2/numpy-2.1.2-cp313-cp313-musllinux_1_1_x86_64.whl", hash = "sha256:76322dcdb16fccf2ac56f99048af32259dcc488d9b7e25b51e5eca5147a3fb98", size = 16410865 },
    { url = "https://files.pythonhosted.org/packages/df/01/c1bcf9e6025d79077fbf3f3ee503b50aa7bfabfcd8f4b54f5829f4c00f3f/numpy-2.1.2-cp313-cp313-musllinux_1_2_aarch64.whl", hash = "sha256:32e16a03138cabe0cb28e1007ee82264296ac0983714094380b408097a418cfe", size = 14078077 },
    { url = "https://files.pythonhosted.org/packages/ba/06/db9d127d63bd11591770ba9f3d960f8041e0f895184b9351d4b1b5b56983/numpy-2.1.2-cp313-cp313-win32.whl", hash = "sha256:242b39d00e4944431a3cd2db2f5377e15b5785920421993770cddb89992c3f3a", size = 6234904 },
    { url = "https://files.pythonhosted.org/packages/a9/96/9f61f8f95b6e0ea0aa08633b704c75d1882bdcb331bdf8bfd63263b25b00/numpy-2.1.2-cp313-cp313-win_amd64.whl", hash = "sha256:f2ded8d9b6f68cc26f8425eda5d3877b47343e68ca23d0d0846f4d312ecaa445", size = 12561910 },
    { url = "https://files.pythonhosted.org/packages/36/b8/033f627821784a48e8f75c218033471eebbaacdd933f8979c79637a1b44b/numpy-2.1.2-cp313-cp313t-macosx_10_13_x86_64.whl", hash = "sha256:2ffef621c14ebb0188a8633348504a35c13680d6da93ab5cb86f4e54b7e922b5", size = 20857719 },
    { url = "https://files.pythonhosted.org/packages/96/46/af5726fde5b74ed83f2f17a73386d399319b7ed4d51279fb23b721d0816d/numpy-2.1.2-cp313-cp313t-macosx_11_0_arm64.whl", hash = "sha256:ad369ed238b1959dfbade9018a740fb9392c5ac4f9b5173f420bd4f37ba1f7a0", size = 13518826 },
    { url = "https://files.pythonhosted.org/packages/db/6e/8ce677edf36da1c4dae80afe5529f47690697eb55b4864673af260ccea7b/numpy-2.1.2-cp313-cp313t-macosx_14_0_arm64.whl", hash = "sha256:d82075752f40c0ddf57e6e02673a17f6cb0f8eb3f587f63ca1eaab5594da5b17", size = 5115036 },
    { url = "https://files.pythonhosted.org/packages/6a/ba/3cce44fb1b8438042c11847048812a776f75ee0e7070179c22e4cfbf420c/numpy-2.1.2-cp313-cp313t-macosx_14_0_x86_64.whl", hash = "sha256:1600068c262af1ca9580a527d43dc9d959b0b1d8e56f8a05d830eea39b7c8af6", size = 6628641 },
    { url = "https://files.pythonhosted.org/packages/59/c8/e722998720ccbd35ffbcf1d1b8ed0aa2304af88d3f1c38e06ebf983599b3/numpy-2.1.2-cp313-cp313t-manylinux_2_17_aarch64.manylinux2014_aarch64.whl", hash = "sha256:a26ae94658d3ba3781d5e103ac07a876b3e9b29db53f68ed7df432fd033358a8", size = 13574803 },
    { url = "https://files.pythonhosted.org/packages/7c/8e/fc1fdd83a55476765329ac2913321c4aed5b082a7915095628c4ca30ea72/numpy-2.1.2-cp313-cp313t-manylinux_2_17_x86_64.manylinux2014_x86_64.whl", hash = "sha256:13311c2db4c5f7609b462bc0f43d3c465424d25c626d95040f073e30f7570e35", size = 16021174 },
    { url = "https://files.pythonhosted.org/packages/2a/b6/a790742aa88067adb4bd6c89a946778c1417d4deaeafce3ca928f26d4c52/numpy-2.1.2-cp313-cp313t-musllinux_1_1_x86_64.whl", hash = "sha256:2abbf905a0b568706391ec6fa15161fad0fb5d8b68d73c461b3c1bab6064dd62", size = 16400117 },
    { url = "https://files.pythonhosted.org/packages/48/6f/129e3c17e3befe7fefdeaa6890f4c4df3f3cf0831aa053802c3862da67aa/numpy-2.1.2-cp313-cp313t-musllinux_1_2_aarch64.whl", hash = "sha256:ef444c57d664d35cac4e18c298c47d7b504c66b17c2ea91312e979fcfbdfb08a", size = 14066202 },
]

[[package]]
name = "nvidia-cublas-cu12"
version = "12.6.4.1"
source = { registry = "https://pypi.org/simple" }
wheels = [
    { url = "https://files.pythonhosted.org/packages/af/eb/ff4b8c503fa1f1796679dce648854d58751982426e4e4b37d6fce49d259c/nvidia_cublas_cu12-12.6.4.1-py3-none-manylinux2014_x86_64.manylinux_2_17_x86_64.whl", hash = "sha256:08ed2686e9875d01b58e3cb379c6896df8e76c75e0d4a7f7dace3d7b6d9ef8eb", size = 393138322 },
    { url = "https://files.pythonhosted.org/packages/97/0d/f1f0cadbf69d5b9ef2e4f744c9466cb0a850741d08350736dfdb4aa89569/nvidia_cublas_cu12-12.6.4.1-py3-none-manylinux_2_27_aarch64.whl", hash = "sha256:235f728d6e2a409eddf1df58d5b0921cf80cfa9e72b9f2775ccb7b4a87984668", size = 390794615 },
    { url = "https://files.pythonhosted.org/packages/84/f7/985e9bdbe3e0ac9298fcc8cfa51a392862a46a0ffaccbbd56939b62a9c83/nvidia_cublas_cu12-12.6.4.1-py3-none-win_amd64.whl", hash = "sha256:9e4fa264f4d8a4eb0cdbd34beadc029f453b3bafae02401e999cf3d5a5af75f8", size = 434535301 },
]

[[package]]
name = "nvidia-cuda-cupti-cu12"
version = "12.6.80"
source = { registry = "https://pypi.org/simple" }
wheels = [
    { url = "https://files.pythonhosted.org/packages/e6/8b/2f6230cb715646c3a9425636e513227ce5c93c4d65823a734f4bb86d43c3/nvidia_cuda_cupti_cu12-12.6.80-py3-none-manylinux2014_aarch64.manylinux_2_17_aarch64.whl", hash = "sha256:166ee35a3ff1587f2490364f90eeeb8da06cd867bd5b701bf7f9a02b78bc63fc", size = 8236764 },
    { url = "https://files.pythonhosted.org/packages/25/0f/acb326ac8fd26e13c799e0b4f3b2751543e1834f04d62e729485872198d4/nvidia_cuda_cupti_cu12-12.6.80-py3-none-manylinux2014_aarch64.whl", hash = "sha256:358b4a1d35370353d52e12f0a7d1769fc01ff74a191689d3870b2123156184c4", size = 8236756 },
    { url = "https://files.pythonhosted.org/packages/49/60/7b6497946d74bcf1de852a21824d63baad12cd417db4195fc1bfe59db953/nvidia_cuda_cupti_cu12-12.6.80-py3-none-manylinux2014_x86_64.manylinux_2_17_x86_64.whl", hash = "sha256:6768bad6cab4f19e8292125e5f1ac8aa7d1718704012a0e3272a6f61c4bce132", size = 8917980 },
    { url = "https://files.pythonhosted.org/packages/a5/24/120ee57b218d9952c379d1e026c4479c9ece9997a4fb46303611ee48f038/nvidia_cuda_cupti_cu12-12.6.80-py3-none-manylinux2014_x86_64.whl", hash = "sha256:a3eff6cdfcc6a4c35db968a06fcadb061cbc7d6dde548609a941ff8701b98b73", size = 8917972 },
    { url = "https://files.pythonhosted.org/packages/1c/81/7796f096afaf726796b1b648f3bc80cafc61fe7f77f44a483c89e6c5ef34/nvidia_cuda_cupti_cu12-12.6.80-py3-none-win_amd64.whl", hash = "sha256:bbe6ae76e83ce5251b56e8c8e61a964f757175682bbad058b170b136266ab00a", size = 5724175 },
]

[[package]]
name = "nvidia-cuda-nvcc-cu12"
version = "12.6.85"
source = { registry = "https://pypi.org/simple" }
wheels = [
    { url = "https://files.pythonhosted.org/packages/25/1f/faf9b791027ebd6354be68700da3c3d8a3b3db3bdcf2f8070f2e6871a7f1/nvidia_cuda_nvcc_cu12-12.6.85-py3-none-manylinux1_x86_64.manylinux_2_5_x86_64.whl", hash = "sha256:d75d9d74599f4d7c0865df19ed21b739e6cb77a6497a3f73d6f61e8038a765e4", size = 21172353 },
    { url = "https://files.pythonhosted.org/packages/6e/06/caa50c5b6731fd39f061efe5cbd9cb7a84fa6bdcb8c58aa83b503a64dbe0/nvidia_cuda_nvcc_cu12-12.6.85-py3-none-manylinux2014_aarch64.manylinux_2_17_aarch64.whl", hash = "sha256:5d2edd5531b13e3daac8ffee9fc2b70a147e6088b2af2565924773d63d36d294", size = 19254682 },
    { url = "https://files.pythonhosted.org/packages/59/bc/5f6745117f21a2e3b19d4acbb9acca57f9b599aad6ee229c6712cb0c4d84/nvidia_cuda_nvcc_cu12-12.6.85-py3-none-win_amd64.whl", hash = "sha256:aa04742337973dcb5bcccabb590edc8834c60ebfaf971847888d24ffef6c46b5", size = 16812838 },
]

[[package]]
name = "nvidia-cuda-runtime-cu12"
version = "12.6.77"
source = { registry = "https://pypi.org/simple" }
wheels = [
    { url = "https://files.pythonhosted.org/packages/8f/ea/590b2ac00d772a8abd1c387a92b46486d2679ca6622fd25c18ff76265663/nvidia_cuda_runtime_cu12-12.6.77-py3-none-manylinux2014_aarch64.manylinux_2_17_aarch64.whl", hash = "sha256:6116fad3e049e04791c0256a9778c16237837c08b27ed8c8401e2e45de8d60cd", size = 908052 },
    { url = "https://files.pythonhosted.org/packages/b7/3d/159023799677126e20c8fd580cca09eeb28d5c5a624adc7f793b9aa8bbfa/nvidia_cuda_runtime_cu12-12.6.77-py3-none-manylinux2014_aarch64.whl", hash = "sha256:d461264ecb429c84c8879a7153499ddc7b19b5f8d84c204307491989a365588e", size = 908040 },
    { url = "https://files.pythonhosted.org/packages/e1/23/e717c5ac26d26cf39a27fbc076240fad2e3b817e5889d671b67f4f9f49c5/nvidia_cuda_runtime_cu12-12.6.77-py3-none-manylinux2014_x86_64.manylinux_2_17_x86_64.whl", hash = "sha256:ba3b56a4f896141e25e19ab287cd71e52a6a0f4b29d0d31609f60e3b4d5219b7", size = 897690 },
    { url = "https://files.pythonhosted.org/packages/f0/62/65c05e161eeddbafeca24dc461f47de550d9fa8a7e04eb213e32b55cfd99/nvidia_cuda_runtime_cu12-12.6.77-py3-none-manylinux2014_x86_64.whl", hash = "sha256:a84d15d5e1da416dd4774cb42edf5e954a3e60cc945698dc1d5be02321c44dc8", size = 897678 },
    { url = "https://files.pythonhosted.org/packages/fa/76/4c80fa138333cc975743fd0687a745fccb30d167f906f13c1c7f9a85e5ea/nvidia_cuda_runtime_cu12-12.6.77-py3-none-win_amd64.whl", hash = "sha256:86c58044c824bf3c173c49a2dbc7a6c8b53cb4e4dca50068be0bf64e9dab3f7f", size = 891773 },
]

[[package]]
name = "nvidia-cudnn-cu12"
version = "9.6.0.74"
source = { registry = "https://pypi.org/simple" }
dependencies = [
    { name = "nvidia-cublas-cu12" },
]
wheels = [
    { url = "https://files.pythonhosted.org/packages/ed/c4/a0347667e497af18829f5c1155b81ecf9c67795fb993e0b33fcd743bd459/nvidia_cudnn_cu12-9.6.0.74-py3-none-manylinux_2_27_aarch64.whl", hash = "sha256:7ce9c6a738b151f9e4d0a8716bdd73181a6bf28cc841d6525915c6980837667e", size = 507650831 },
    { url = "https://files.pythonhosted.org/packages/67/4c/0f18ddce75f2c17cf028d16e067c07f11c421c981b8c2a45c99bc6169af6/nvidia_cudnn_cu12-9.6.0.74-py3-none-manylinux_2_27_x86_64.whl", hash = "sha256:cb700ea574ba8ffdbf9381fed2cdfa0b1847852c3811fb5f0d998d8d47a1cf1a", size = 508134668 },
    { url = "https://files.pythonhosted.org/packages/07/1d/3c7055e1d189f55ed25183f50e1d82f477024289f925df22ac89c0f4d387/nvidia_cudnn_cu12-9.6.0.74-py3-none-win_amd64.whl", hash = "sha256:6a6466301b5ab1f0d8e62b14cdd02a714158f32f70ee99892218bec661e76595", size = 502799547 },
]

[[package]]
name = "nvidia-cufft-cu12"
version = "11.3.0.4"
source = { registry = "https://pypi.org/simple" }
dependencies = [
    { name = "nvidia-nvjitlink-cu12" },
]
wheels = [
    { url = "https://files.pythonhosted.org/packages/1f/37/c50d2b2f2c07e146776389e3080f4faf70bcc4fa6e19d65bb54ca174ebc3/nvidia_cufft_cu12-11.3.0.4-py3-none-manylinux2014_aarch64.manylinux_2_17_aarch64.whl", hash = "sha256:d16079550df460376455cba121db6564089176d9bac9e4f360493ca4741b22a6", size = 200164144 },
    { url = "https://files.pythonhosted.org/packages/ce/f5/188566814b7339e893f8d210d3a5332352b1409815908dad6a363dcceac1/nvidia_cufft_cu12-11.3.0.4-py3-none-manylinux2014_aarch64.whl", hash = "sha256:8510990de9f96c803a051822618d42bf6cb8f069ff3f48d93a8486efdacb48fb", size = 200164135 },
    { url = "https://files.pythonhosted.org/packages/8f/16/73727675941ab8e6ffd86ca3a4b7b47065edcca7a997920b831f8147c99d/nvidia_cufft_cu12-11.3.0.4-py3-none-manylinux2014_x86_64.manylinux_2_17_x86_64.whl", hash = "sha256:ccba62eb9cef5559abd5e0d54ceed2d9934030f51163df018532142a8ec533e5", size = 200221632 },
    { url = "https://files.pythonhosted.org/packages/60/de/99ec247a07ea40c969d904fc14f3a356b3e2a704121675b75c366b694ee1/nvidia_cufft_cu12-11.3.0.4-py3-none-manylinux2014_x86_64.whl", hash = "sha256:768160ac89f6f7b459bee747e8d175dbf53619cfe74b2a5636264163138013ca", size = 200221622 },
    { url = "https://files.pythonhosted.org/packages/b4/38/36fd800cec8f6e89b7c1576edaaf8076e69ec631644cdbc1b5f2e2b5a9df/nvidia_cufft_cu12-11.3.0.4-py3-none-win_amd64.whl", hash = "sha256:6048ebddfb90d09d2707efb1fd78d4e3a77cb3ae4dc60e19aab6be0ece2ae464", size = 199356881 },
]

[[package]]
name = "nvidia-cusolver-cu12"
version = "11.7.1.2"
source = { registry = "https://pypi.org/simple" }
dependencies = [
    { name = "nvidia-cublas-cu12" },
    { name = "nvidia-cusparse-cu12" },
    { name = "nvidia-nvjitlink-cu12" },
]
wheels = [
    { url = "https://files.pythonhosted.org/packages/93/17/dbe1aa865e4fdc7b6d4d0dd308fdd5aaab60f939abfc0ea1954eac4fb113/nvidia_cusolver_cu12-11.7.1.2-py3-none-manylinux2014_aarch64.whl", hash = "sha256:0ce237ef60acde1efc457335a2ddadfd7610b892d94efee7b776c64bb1cac9e0", size = 157833628 },
    { url = "https://files.pythonhosted.org/packages/f0/6e/c2cf12c9ff8b872e92b4a5740701e51ff17689c4d726fca91875b07f655d/nvidia_cusolver_cu12-11.7.1.2-py3-none-manylinux2014_x86_64.manylinux_2_17_x86_64.whl", hash = "sha256:e9e49843a7707e42022babb9bcfa33c29857a93b88020c4e4434656a655b698c", size = 158229790 },
    { url = "https://files.pythonhosted.org/packages/9f/81/baba53585da791d043c10084cf9553e074548408e04ae884cfe9193bd484/nvidia_cusolver_cu12-11.7.1.2-py3-none-manylinux2014_x86_64.whl", hash = "sha256:6cf28f17f64107a0c4d7802be5ff5537b2130bfc112f25d5a30df227058ca0e6", size = 158229780 },
    { url = "https://files.pythonhosted.org/packages/7c/5f/07d0ba3b7f19be5a5ec32a8679fc9384cfd9fc6c869825e93be9f28d6690/nvidia_cusolver_cu12-11.7.1.2-py3-none-manylinux_2_27_aarch64.whl", hash = "sha256:dbbe4fc38ec1289c7e5230e16248365e375c3673c9c8bac5796e2e20db07f56e", size = 157833630 },
    { url = "https://files.pythonhosted.org/packages/d4/53/fff50a0808df7113d77e3bbc7c2b7eaed6f57d5eb80fbe93ead2aea1e09a/nvidia_cusolver_cu12-11.7.1.2-py3-none-win_amd64.whl", hash = "sha256:6813f9d8073f555444a8705f3ab0296d3e1cb37a16d694c5fc8b862a0d8706d7", size = 149287877 },
]

[[package]]
name = "nvidia-cusparse-cu12"
version = "12.5.4.2"
source = { registry = "https://pypi.org/simple" }
dependencies = [
    { name = "nvidia-nvjitlink-cu12" },
]
wheels = [
    { url = "https://files.pythonhosted.org/packages/eb/eb/6681efd0aa7df96b4f8067b3ce7246833dd36830bb4cec8896182773db7d/nvidia_cusparse_cu12-12.5.4.2-py3-none-manylinux2014_aarch64.manylinux_2_17_aarch64.whl", hash = "sha256:d25b62fb18751758fe3c93a4a08eff08effedfe4edf1c6bb5afd0890fe88f887", size = 216451147 },
    { url = "https://files.pythonhosted.org/packages/d3/56/3af21e43014eb40134dea004e8d0f1ef19d9596a39e4d497d5a7de01669f/nvidia_cusparse_cu12-12.5.4.2-py3-none-manylinux2014_aarch64.whl", hash = "sha256:7aa32fa5470cf754f72d1116c7cbc300b4e638d3ae5304cfa4a638a5b87161b1", size = 216451135 },
    { url = "https://files.pythonhosted.org/packages/06/1e/b8b7c2f4099a37b96af5c9bb158632ea9e5d9d27d7391d7eb8fc45236674/nvidia_cusparse_cu12-12.5.4.2-py3-none-manylinux2014_x86_64.manylinux_2_17_x86_64.whl", hash = "sha256:7556d9eca156e18184b94947ade0fba5bb47d69cec46bf8660fd2c71a4b48b73", size = 216561367 },
    { url = "https://files.pythonhosted.org/packages/43/ac/64c4316ba163e8217a99680c7605f779accffc6a4bcd0c778c12948d3707/nvidia_cusparse_cu12-12.5.4.2-py3-none-manylinux2014_x86_64.whl", hash = "sha256:23749a6571191a215cb74d1cdbff4a86e7b19f1200c071b3fcf844a5bea23a2f", size = 216561357 },
    { url = "https://files.pythonhosted.org/packages/45/ef/876ad8e4260e1128e6d4aac803d9d51baf3791ebdb4a9b8d9b8db032b4b0/nvidia_cusparse_cu12-12.5.4.2-py3-none-win_amd64.whl", hash = "sha256:4acb8c08855a26d737398cba8fb6f8f5045d93f82612b4cfd84645a2332ccf20", size = 213712630 },
]

[[package]]
name = "nvidia-nccl-cu12"
version = "2.24.3"
source = { registry = "https://pypi.org/simple" }
wheels = [
    { url = "https://files.pythonhosted.org/packages/de/90/6a3ff7d864c134a6515822626f35ae08c64aabe7026de7c146a4c34653b4/nvidia_nccl_cu12-2.24.3-py3-none-manylinux2014_aarch64.manylinux_2_17_aarch64.whl", hash = "sha256:ac876961433514a2943ba238f390fa28616fd8252906127e28e9714eda355d09", size = 204288254 },
    { url = "https://files.pythonhosted.org/packages/fe/9b/f2e37edaf53d722b79697eb4402bcd5354d45da90e2eb667b3e4be0c642b/nvidia_nccl_cu12-2.24.3-py3-none-manylinux2014_x86_64.manylinux_2_17_x86_64.whl", hash = "sha256:e5c5167351e8936b96ddad8ac6f687199e22d09db07cf08af9457a123b34cac0", size = 201266889 },
]

[[package]]
name = "nvidia-nvjitlink-cu12"
version = "12.6.85"
source = { registry = "https://pypi.org/simple" }
wheels = [
    { url = "https://files.pythonhosted.org/packages/9d/d7/c5383e47c7e9bf1c99d5bd2a8c935af2b6d705ad831a7ec5c97db4d82f4f/nvidia_nvjitlink_cu12-12.6.85-py3-none-manylinux2010_x86_64.manylinux_2_12_x86_64.whl", hash = "sha256:eedc36df9e88b682efe4309aa16b5b4e78c2407eac59e8c10a6a47535164369a", size = 19744971 },
    { url = "https://files.pythonhosted.org/packages/31/db/dc71113d441f208cdfe7ae10d4983884e13f464a6252450693365e166dcf/nvidia_nvjitlink_cu12-12.6.85-py3-none-manylinux2014_aarch64.manylinux_2_17_aarch64.whl", hash = "sha256:cf4eaa7d4b6b543ffd69d6abfb11efdeb2db48270d94dfd3a452c24150829e41", size = 19270338 },
    { url = "https://files.pythonhosted.org/packages/89/76/93c1467b1387387440a4d25102d86b7794535449b689f8e2dc22c1c8ff7f/nvidia_nvjitlink_cu12-12.6.85-py3-none-win_amd64.whl", hash = "sha256:e61120e52ed675747825cdd16febc6a0730537451d867ee58bee3853b1b13d1c", size = 161908572 },
]

[[package]]
name = "opt-einsum"
version = "3.4.0"
source = { registry = "https://pypi.org/simple" }
sdist = { url = "https://files.pythonhosted.org/packages/8c/b9/2ac072041e899a52f20cf9510850ff58295003aa75525e58343591b0cbfb/opt_einsum-3.4.0.tar.gz", hash = "sha256:96ca72f1b886d148241348783498194c577fa30a8faac108586b14f1ba4473ac", size = 63004 }
wheels = [
    { url = "https://files.pythonhosted.org/packages/23/cd/066e86230ae37ed0be70aae89aabf03ca8d9f39c8aea0dec8029455b5540/opt_einsum-3.4.0-py3-none-any.whl", hash = "sha256:69bb92469f86a1565195ece4ac0323943e83477171b91d24c35afe028a90d7cd", size = 71932 },
]

[[package]]
name = "scipy"
version = "1.15.0"
source = { registry = "https://pypi.org/simple" }
dependencies = [
    { name = "numpy" },
]
sdist = { url = "https://files.pythonhosted.org/packages/d9/7b/2b8ac283cf32465ed08bc20a83d559fe7b174a484781702ba8accea001d6/scipy-1.15.0.tar.gz", hash = "sha256:300742e2cc94e36a2880ebe464a1c8b4352a7b0f3e36ec3d2ac006cdbe0219ac", size = 59407226 }
wheels = [
    { url = "https://files.pythonhosted.org/packages/b8/53/7f627c180cdaa211fa537650ca05912f58cb68fc33bb2f9af3d29169913e/scipy-1.15.0-cp311-cp311-macosx_10_13_x86_64.whl", hash = "sha256:46e91b5b16909ff79224b56e19cbad65ca500b3afda69225820aa3afbf9ec020", size = 41423594 },
    { url = "https://files.pythonhosted.org/packages/c9/ab/f848933c6f656f2c7af2d56d0be44511b730498538fe04db70eb03a6ad86/scipy-1.15.0-cp311-cp311-macosx_12_0_arm64.whl", hash = "sha256:82bff2eb01ccf7cea8b6ee5274c2dbeadfdac97919da308ee6d8e5bcbe846443", size = 32535797 },
    { url = "https://files.pythonhosted.org/packages/41/93/266693c471ec1e2e7748c1ee5e867299f3d0ac42e0e63f52649430ec1976/scipy-1.15.0-cp311-cp311-macosx_14_0_arm64.whl", hash = "sha256:9c8254fe21dd2c6c8f7757035ec0c31daecf3bb3cffd93bc1ca661b731d28136", size = 24809325 },
    { url = "https://files.pythonhosted.org/packages/f3/55/1acc49a48bc11fb95cf625c0763f2749f8710265d2fecbf6ed6dd618fc54/scipy-1.15.0-cp311-cp311-macosx_14_0_x86_64.whl", hash = "sha256:c9624eeae79b18cab1a31944b5ef87aa14b125d6ab69b71db22f0dbd962caf1e", size = 27917711 },
    { url = "https://files.pythonhosted.org/packages/e2/f5/15f62812b36f2f94b9d1ca31d3d2bbabfb6979e48a0866041bee7031c461/scipy-1.15.0-cp311-cp311-manylinux_2_17_aarch64.manylinux2014_aarch64.whl", hash = "sha256:d13bbc0658c11f3d19df4138336e4bce2c4fbd78c2755be4bf7b8e235481557f", size = 38331850 },
    { url = "https://files.pythonhosted.org/packages/ad/21/6dc57f6f6c8014dc6d07111e4976422580789fa96c4d7ddf63614939cb6c/scipy-1.15.0-cp311-cp311-manylinux_2_17_x86_64.manylinux2014_x86_64.whl", hash = "sha256:bdca4c7bb8dc41307e5f39e9e5d19c707d8e20a29845e7533b3bb20a9d4ccba0", size = 40587953 },
    { url = "https://files.pythonhosted.org/packages/da/dd/26db78c2054f8d81b28ae4688da7930ea3c33e5d1885928aadefeec979f9/scipy-1.15.0-cp311-cp311-musllinux_1_2_x86_64.whl", hash = "sha256:6f376d7c767731477bac25a85d0118efdc94a572c6b60decb1ee48bf2391a73b", size = 42963920 },
    { url = "https://files.pythonhosted.org/packages/82/89/eb4aaf929be0e2c03bb5e40ed61427aab9c8ba6c0764aebf82d7302bb3d3/scipy-1.15.0-cp311-cp311-win_amd64.whl", hash = "sha256:61513b989ee8d5218fbeb178b2d51534ecaddba050db949ae99eeb3d12f6825d", size = 43894857 },
    { url = "https://files.pythonhosted.org/packages/35/70/fffb90a725dec6056c9059073856fd99de22a253459a874a63b8b8a012db/scipy-1.15.0-cp312-cp312-macosx_10_13_x86_64.whl", hash = "sha256:5beb0a2200372b7416ec73fdae94fe81a6e85e44eb49c35a11ac356d2b8eccc6", size = 41475240 },
    { url = "https://files.pythonhosted.org/packages/63/ca/6b838a2e5e6718d879e8522d1155a068c2a769be04f7da8c5179ead32a7b/scipy-1.15.0-cp312-cp312-macosx_12_0_arm64.whl", hash = "sha256:fde0f3104dfa1dfbc1f230f65506532d0558d43188789eaf68f97e106249a913", size = 32595923 },
    { url = "https://files.pythonhosted.org/packages/b1/07/4e69f6f7185915d77719bf226c1d554a4bb99f27cb92161fdd57b1434343/scipy-1.15.0-cp312-cp312-macosx_14_0_arm64.whl", hash = "sha256:35c68f7044b4e7ad73a3e68e513dda946989e523df9b062bd3cf401a1a882192", size = 24869617 },
    { url = "https://files.pythonhosted.org/packages/30/22/e3dadf189dcab215be461efe0fd9d288f4c2d99783c4aec2ce80837800b7/scipy-1.15.0-cp312-cp312-macosx_14_0_x86_64.whl", hash = "sha256:52475011be29dfcbecc3dfe3060e471ac5155d72e9233e8d5616b84e2b542054", size = 28007674 },
    { url = "https://files.pythonhosted.org/packages/51/0f/71c9ee2acaac0660a79e36424d367ed5737e4ef27b885f96cd439f451467/scipy-1.15.0-cp312-cp312-manylinux_2_17_aarch64.manylinux2014_aarch64.whl", hash = "sha256:5972e3f96f7dda4fd3bb85906a17338e65eaddfe47f750e240f22b331c08858e", size = 38066684 },
    { url = "https://files.pythonhosted.org/packages/fb/77/74a1ceecb205f5d46fe2cd10071383748ee8891a96b7824a372391a6291c/scipy-1.15.0-cp312-cp312-manylinux_2_17_x86_64.manylinux2014_x86_64.whl", hash = "sha256:fe00169cf875bed0b3c40e4da45b57037dc21d7c7bf0c85ed75f210c281488f1", size = 40250011 },
    { url = "https://files.pythonhosted.org/packages/8c/9f/f1544110a3d31183034e05422836505beb438aa56183f2ccef6dcd3b4e3f/scipy-1.15.0-cp312-cp312-musllinux_1_2_x86_64.whl", hash = "sha256:161f80a98047c219c257bf5ce1777c574bde36b9d962a46b20d0d7e531f86863", size = 42625471 },
    { url = "https://files.pythonhosted.org/packages/3f/39/a29b75f9c30084cbafd416bfa00933311a5b7a96be6e88750c98521d2ccb/scipy-1.15.0-cp312-cp312-win_amd64.whl", hash = "sha256:327163ad73e54541a675240708244644294cb0a65cca420c9c79baeb9648e479", size = 43622832 },
    { url = "https://files.pythonhosted.org/packages/4d/46/2fa07d5b53092b73c4bb416954d07d883b53be4a5bd6282c67e03c051225/scipy-1.15.0-cp313-cp313-macosx_10_13_x86_64.whl", hash = "sha256:0fcb16eb04d84670722ce8d93b05257df471704c913cb0ff9dc5a1c31d1e9422", size = 41438080 },
    { url = "https://files.pythonhosted.org/packages/55/05/77778b1127e170ffb484614691fdd8f9d2640dcf951d515f513debe5d0e0/scipy-1.15.0-cp313-cp313-macosx_12_0_arm64.whl", hash = "sha256:767e8cf6562931f8312f4faa7ddea412cb783d8df49e62c44d00d89f41f9bbe8", size = 32532932 },
    { url = "https://files.pythonhosted.org/packages/2b/9f/6de4970a2f524785d94a85f423a53b8c53d84917f2df702733ccdc9afd54/scipy-1.15.0-cp313-cp313-macosx_14_0_arm64.whl", hash = "sha256:37ce9394cdcd7c5f437583fc6ef91bd290014993900643fdfc7af9b052d1613b", size = 24806488 },
    { url = "https://files.pythonhosted.org/packages/65/ef/b1c1e2499189bbea109a6b022a6147dd4552d72bed19289b4d4e411c4ce7/scipy-1.15.0-cp313-cp313-macosx_14_0_x86_64.whl", hash = "sha256:6d26f17c64abd6c6c2dfb39920f61518cc9e213d034b45b2380e32ba78fde4c0", size = 27930055 },
    { url = "https://files.pythonhosted.org/packages/24/ec/6e4fe2a34a91102c806ecf9f45426f66bd604a5b5f48e951ce2bd770b2fe/scipy-1.15.0-cp313-cp313-manylinux_2_17_aarch64.manylinux2014_aarch64.whl", hash = "sha256:1e2448acd79c6374583581a1ded32ac71a00c2b9c62dfa87a40e1dd2520be111", size = 38031212 },
    { url = "https://files.pythonhosted.org/packages/82/4d/ecef655956ce332edbc411ab64ab843d767dd86e646898ac721dbcc7910e/scipy-1.15.0-cp313-cp313-manylinux_2_17_x86_64.manylinux2014_x86_64.whl", hash = "sha256:36be480e512d38db67f377add5b759fb117edd987f4791cdf58e59b26962bee4", size = 40209536 },
    { url = "https://files.pythonhosted.org/packages/c5/ec/3af823fcd86e3155ad7ed2b684634391e4524ff82735c26abed522fc5405/scipy-1.15.0-cp313-cp313-musllinux_1_2_x86_64.whl", hash = "sha256:ccb6248a9987193fe74363a2d73b93bc2c546e0728bd786050b7aef6e17db03c", size = 42584473 },
    { url = "https://files.pythonhosted.org/packages/23/01/f0ec4236ba8a96353e56694160041d7d9bebd9a0231a1c9beedc6e75cd50/scipy-1.15.0-cp313-cp313-win_amd64.whl", hash = "sha256:952d2e9eaa787f0a9e95b6e85da3654791b57a156c3e6609e65cc5176ccfe6f2", size = 43639460 },
    { url = "https://files.pythonhosted.org/packages/e9/02/c8bccc5c4813eccfeeef6ed0effe42e2cf98199d350ca476c22029569edc/scipy-1.15.0-cp313-cp313t-macosx_10_13_x86_64.whl", hash = "sha256:b1432102254b6dc7766d081fa92df87832ac25ff0b3d3a940f37276e63eb74ff", size = 41642304 },
    { url = "https://files.pythonhosted.org/packages/27/7a/9191a8b61f5826f08932b6ae47d44fbf4f473beb307d8ca3ed96a216929f/scipy-1.15.0-cp313-cp313t-macosx_12_0_arm64.whl", hash = "sha256:4e08c6a36f46abaedf765dd2dfcd3698fa4bd7e311a9abb2d80e33d9b2d72c34", size = 32620019 },
    { url = "https://files.pythonhosted.org/packages/e6/17/9c8452c8a59f1ede4a7ba6ba03b8b44703cdd1f1217b649f470c216f3095/scipy-1.15.0-cp313-cp313t-macosx_14_0_arm64.whl", hash = "sha256:ec915cd26d76f6fc7ae8522f74f5b2accf39546f341c771bb2297f3871934a52", size = 24893299 },
    { url = "https://files.pythonhosted.org/packages/db/73/45c8566538bf9252be1e3e36b149714619c6f4d015a901cd76e257f88a37/scipy-1.15.0-cp313-cp313t-macosx_14_0_x86_64.whl", hash = "sha256:351899dd2a801edd3691622172bc8ea01064b1cada794f8641b89a7dc5418db6", size = 27955764 },
    { url = "https://files.pythonhosted.org/packages/9f/4e/8822a2cafcea8727430e9a0bf785e8f0e81aaaac1048dad764d522f0f1ec/scipy-1.15.0-cp313-cp313t-manylinux_2_17_x86_64.manylinux2014_x86_64.whl", hash = "sha256:e9baff912ea4f78a543d183ed6f5b3bea9784509b948227daaf6f10727a0e2e5", size = 39879164 },
    { url = "https://files.pythonhosted.org/packages/b1/27/b55549a4aba515d9a19b6384c2c2f976725cd19d5d41c58ffac9a4d98892/scipy-1.15.0-cp313-cp313t-musllinux_1_2_x86_64.whl", hash = "sha256:cd9d9198a7fd9a77f0eb5105ea9734df26f41faeb2a88a0e62e5245506f7b6df", size = 42091406 },
    { url = "https://files.pythonhosted.org/packages/79/df/989b2fd3f8ead6bcf89fc683fde94741eb3b291e41a3ce70cec08c80aa36/scipy-1.15.0-cp313-cp313t-win_amd64.whl", hash = "sha256:129f899ed275c0515d553b8d31696924e2ca87d1972421e46c376b9eb87de3d2", size = 43188844 },
]
